
Microsoft Visual Studio Solution File, Format Version 12.00
# Visual Studio Version 17
VisualStudioVersion = 17.2.32516.85
MinimumVisualStudioVersion = 10.0.40219.1
Project("{FAE04EC0-301F-11D3-BF4B-00C04F79EFBC}") = "GraphTheory_Project", "GraphTheory_Project\GraphTheory_Project.csproj", "{15F95C19-EDBE-47B5-874B-336FD785D5C6}"
EndProject
Global
	GlobalSection(SolutionConfigurationPlatforms) = preSolution
		Debug|Any CPU = Debug|Any CPU
		Release|Any CPU = Release|Any CPU
	EndGlobalSection
	GlobalSection(ProjectConfigurationPlatforms) = postSolution
		{15F95C19-EDBE-47B5-874B-336FD785D5C6}.Debug|Any CPU.ActiveCfg = Debug|Any CPU
		{15F95C19-EDBE-47B5-874B-336FD785D5C6}.Debug|Any CPU.Build.0 = Debug|Any CPU
		{15F95C19-EDBE-47B5-874B-336FD785D5C6}.Release|Any CPU.ActiveCfg = Release|Any CPU
		{15F95C19-EDBE-47B5-874B-336FD785D5C6}.Release|Any CPU.Build.0 = Release|Any CPU
	EndGlobalSection
	GlobalSection(SolutionProperties) = preSolution
		HideSolutionNode = FALSE
	EndGlobalSection
	GlobalSection(ExtensibilityGlobals) = postSolution
		SolutionGuid = {64264EDD-10DF-4DDC-A316-EE98C4CF63F6}
	EndGlobalSection
EndGlobal
